{
  "version": "1.0.0",
  "lockfileVersion": 1,
  "packages": {
    "@obra/skill-using-superpowers#cursor": {
      "version": "3.4.1",
      "resolved": "https://registry.prpm.dev/api/v1/packages/%40obra%2Fskill-using-superpowers/3.4.1.tar.gz",
      "integrity": "sha256-3eb09ae7aa6ffd5efaf812336ef7451a519f4629d5389515f417661a0b7eb12e",
      "format": "cursor",
      "subtype": "skill",
      "sourceFormat": "claude",
      "sourceSubtype": "skill",
      "installedPath": ".openskills/skill-using-superpowers/SKILL.md",
      "fromCollection": {
        "name_slug": "superpowers",
        "version": "1.0.0"
      },
      "progressiveDisclosure": {
        "mode": "progressive",
        "resourceDir": ".openskills/skill-using-superpowers",
        "manifestPath": "AGENTS.md",
        "resourceName": "skill-using-superpowers",
        "resourceType": "skill",
        "skillsDir": ".openskills/skill-using-superpowers",
        "skillName": "skill-using-superpowers",
        "eager": false
      }
    },
    "@obra/skill-brainstorming#agents.md": {
      "version": "3.4.1",
      "resolved": "https://registry.prpm.dev/api/v1/packages/%40obra%2Fskill-brainstorming/3.4.1.tar.gz",
      "integrity": "sha256-12c0399ea0a39452cbc2b979536f5c354eb4cbb00f91651be170d93f813f02a6",
      "format": "agents.md",
      "subtype": "skill",
      "sourceFormat": "claude",
      "sourceSubtype": "skill",
      "installedPath": ".openskills/skill-brainstorming/SKILL.md",
      "fromCollection": {
        "name_slug": "superpowers",
        "version": "1.0.0"
      },
      "progressiveDisclosure": {
        "mode": "progressive",
        "resourceDir": ".openskills/skill-brainstorming",
        "manifestPath": "AGENTS.md",
        "resourceName": "skill-brainstorming",
        "resourceType": "skill",
        "skillsDir": ".openskills/skill-brainstorming",
        "skillName": "skill-brainstorming",
        "eager": false
      }
    },
    "@obra/skill-writing-plans#agents.md": {
      "version": "3.4.1",
      "resolved": "https://registry.prpm.dev/api/v1/packages/%40obra%2Fskill-writing-plans/3.4.1.tar.gz",
      "integrity": "sha256-ec7e536a5e6f5d246f4945711a71c916f5483ff301020f8c11fba07ed31c68e2",
      "format": "agents.md",
      "subtype": "skill",
      "sourceFormat": "claude",
      "sourceSubtype": "skill",
      "installedPath": ".openskills/skill-writing-plans/SKILL.md",
      "fromCollection": {
        "name_slug": "superpowers",
        "version": "1.0.0"
      },
      "progressiveDisclosure": {
        "mode": "progressive",
        "resourceDir": ".openskills/skill-writing-plans",
        "manifestPath": "AGENTS.md",
        "resourceName": "skill-writing-plans",
        "resourceType": "skill",
        "skillsDir": ".openskills/skill-writing-plans",
        "skillName": "skill-writing-plans",
        "eager": false
      }
    },
    "@obra/skill-executing-plans#agents.md": {
      "version": "3.4.1",
      "resolved": "https://registry.prpm.dev/api/v1/packages/%40obra%2Fskill-executing-plans/3.4.1.tar.gz",
      "integrity": "sha256-e58074c6dfaff4bb688d9be6918ed534effeea77e027090018c9752b67555bc0",
      "format": "agents.md",
      "subtype": "skill",
      "sourceFormat": "claude",
      "sourceSubtype": "skill",
      "installedPath": ".openskills/skill-executing-plans/SKILL.md",
      "fromCollection": {
        "name_slug": "superpowers",
        "version": "1.0.0"
      },
      "progressiveDisclosure": {
        "mode": "progressive",
        "resourceDir": ".openskills/skill-executing-plans",
        "manifestPath": "AGENTS.md",
        "resourceName": "skill-executing-plans",
        "resourceType": "skill",
        "skillsDir": ".openskills/skill-executing-plans",
        "skillName": "skill-executing-plans",
        "eager": false
      }
    },
    "@obra/skill-test-driven-development#agents.md": {
      "version": "3.4.1",
      "resolved": "https://registry.prpm.dev/api/v1/packages/%40obra%2Fskill-test-driven-development/3.4.1.tar.gz",
      "integrity": "sha256-9a1dc73bc64dd748e85845cdbb62c5b9f27409435d25055e177bc1b81bb8d213",
      "format": "agents.md",
      "subtype": "skill",
      "sourceFormat": "claude",
      "sourceSubtype": "skill",
      "installedPath": ".openskills/skill-test-driven-development/SKILL.md",
      "fromCollection": {
        "name_slug": "superpowers",
        "version": "1.0.0"
      },
      "progressiveDisclosure": {
        "mode": "progressive",
        "resourceDir": ".openskills/skill-test-driven-development",
        "manifestPath": "AGENTS.md",
        "resourceName": "skill-test-driven-development",
        "resourceType": "skill",
        "skillsDir": ".openskills/skill-test-driven-development",
        "skillName": "skill-test-driven-development",
        "eager": false
      }
    },
    "@obra/skill-systematic-debugging#agents.md": {
      "version": "3.4.1",
      "resolved": "https://registry.prpm.dev/api/v1/packages/%40obra%2Fskill-systematic-debugging/3.4.1.tar.gz",
      "integrity": "sha256-f284cfad11e07d4ce167af1becd8baa9619e688274c78cf92518ca6b18d14eef",
      "format": "agents.md",
      "subtype": "skill",
      "sourceFormat": "claude",
      "sourceSubtype": "skill",
      "installedPath": ".openskills/skill-systematic-debugging/SKILL.md",
      "fromCollection": {
        "name_slug": "superpowers",
        "version": "1.0.0"
      },
      "progressiveDisclosure": {
        "mode": "progressive",
        "resourceDir": ".openskills/skill-systematic-debugging",
        "manifestPath": "AGENTS.md",
        "resourceName": "skill-systematic-debugging",
        "resourceType": "skill",
        "skillsDir": ".openskills/skill-systematic-debugging",
        "skillName": "skill-systematic-debugging",
        "eager": false
      }
    },
    "@obra/skill-requesting-code-review#agents.md": {
      "version": "3.4.1",
      "resolved": "https://registry.prpm.dev/api/v1/packages/%40obra%2Fskill-requesting-code-review/3.4.1.tar.gz",
      "integrity": "sha256-9ca1781214d63f7420c3b2ec8e4be6503a99e9ae89e0b6c25bf9a94af6abcf97",
      "format": "agents.md",
      "subtype": "skill",
      "sourceFormat": "claude",
      "sourceSubtype": "skill",
      "installedPath": ".openskills/skill-requesting-code-review/skill-requesting-code-review",
      "fromCollection": {
        "name_slug": "superpowers",
        "version": "1.0.0"
      },
      "progressiveDisclosure": {
        "mode": "progressive",
        "resourceDir": ".openskills/skill-requesting-code-review",
        "manifestPath": "AGENTS.md",
        "resourceName": "skill-requesting-code-review",
        "resourceType": "skill",
        "skillsDir": ".openskills/skill-requesting-code-review",
        "skillName": "skill-requesting-code-review",
        "eager": false
      }
    },
    "@obra/skill-receiving-code-review#agents.md": {
      "version": "3.4.1",
      "resolved": "https://registry.prpm.dev/api/v1/packages/%40obra%2Fskill-receiving-code-review/3.4.1.tar.gz",
      "integrity": "sha256-fbe9771464ef3c8fcc007c5b64df05cd1aab71fbf09f2272f36fc2d83667f4cb",
      "format": "agents.md",
      "subtype": "skill",
      "sourceFormat": "claude",
      "sourceSubtype": "skill",
      "installedPath": ".openskills/skill-receiving-code-review/SKILL.md",
      "fromCollection": {
        "name_slug": "superpowers",
        "version": "1.0.0"
      },
      "progressiveDisclosure": {
        "mode": "progressive",
        "resourceDir": ".openskills/skill-receiving-code-review",
        "manifestPath": "AGENTS.md",
        "resourceName": "skill-receiving-code-review",
        "resourceType": "skill",
        "skillsDir": ".openskills/skill-receiving-code-review",
        "skillName": "skill-receiving-code-review",
        "eager": false
      }
    },
    "@obra/skill-verification-before-completion#agents.md": {
      "version": "3.4.1",
      "resolved": "https://registry.prpm.dev/api/v1/packages/%40obra%2Fskill-verification-before-completion/3.4.1.tar.gz",
      "integrity": "sha256-fba774fe37fe740946f91a340b16663a450545c90c9109dbcb1b3817302b597e",
      "format": "agents.md",
      "subtype": "skill",
      "sourceFormat": "claude",
      "sourceSubtype": "skill",
      "installedPath": ".openskills/skill-verification-before-completion/SKILL.md",
      "fromCollection": {
        "name_slug": "superpowers",
        "version": "1.0.0"
      },
      "progressiveDisclosure": {
        "mode": "progressive",
        "resourceDir": ".openskills/skill-verification-before-completion",
        "manifestPath": "AGENTS.md",
        "resourceName": "skill-verification-before-completion",
        "resourceType": "skill",
        "skillsDir": ".openskills/skill-verification-before-completion",
        "skillName": "skill-verification-before-completion",
        "eager": false
      }
    },
    "@obra/skill-using-git-worktrees#agents.md": {
      "version": "3.4.1",
      "resolved": "https://registry.prpm.dev/api/v1/packages/%40obra%2Fskill-using-git-worktrees/3.4.1.tar.gz",
      "integrity": "sha256-c92aeeb56463d0e99ccfde3260bdb714635971f098eeb229ed35a567a942b008",
      "format": "agents.md",
      "subtype": "skill",
      "sourceFormat": "claude",
      "sourceSubtype": "skill",
      "installedPath": ".openskills/skill-using-git-worktrees/SKILL.md",
      "fromCollection": {
        "name_slug": "superpowers",
        "version": "1.0.0"
      },
      "progressiveDisclosure": {
        "mode": "progressive",
        "resourceDir": ".openskills/skill-using-git-worktrees",
        "manifestPath": "AGENTS.md",
        "resourceName": "skill-using-git-worktrees",
        "resourceType": "skill",
        "skillsDir": ".openskills/skill-using-git-worktrees",
        "skillName": "skill-using-git-worktrees",
        "eager": false
      }
    },
    "@obra/skill-subagent-driven-development#agents.md": {
      "version": "3.4.1",
      "resolved": "https://registry.prpm.dev/api/v1/packages/%40obra%2Fskill-subagent-driven-development/3.4.1.tar.gz",
      "integrity": "sha256-01d7b6dd9c03d03cea723e7021399fbca6ddd1f1ffb11bcf4ef2f5691a27c122",
      "format": "agents.md",
      "subtype": "skill",
      "sourceFormat": "claude",
      "sourceSubtype": "skill",
      "installedPath": ".openskills/skill-subagent-driven-development/SKILL.md",
      "fromCollection": {
        "name_slug": "superpowers",
        "version": "1.0.0"
      },
      "progressiveDisclosure": {
        "mode": "progressive",
        "resourceDir": ".openskills/skill-subagent-driven-development",
        "manifestPath": "AGENTS.md",
        "resourceName": "skill-subagent-driven-development",
        "resourceType": "skill",
        "skillsDir": ".openskills/skill-subagent-driven-development",
        "skillName": "skill-subagent-driven-development",
        "eager": false
      }
    },
    "@obra/skill-dispatching-parallel-agents#agents.md": {
      "version": "3.4.1",
      "resolved": "https://registry.prpm.dev/api/v1/packages/%40obra%2Fskill-dispatching-parallel-agents/3.4.1.tar.gz",
      "integrity": "sha256-2acd3d0c42cb7b634467bf195508643866e3525e519d2391b6280550b67478c7",
      "format": "agents.md",
      "subtype": "skill",
      "sourceFormat": "claude",
      "sourceSubtype": "skill",
      "installedPath": ".openskills/skill-dispatching-parallel-agents/SKILL.md",
      "fromCollection": {
        "name_slug": "superpowers",
        "version": "1.0.0"
      },
      "progressiveDisclosure": {
        "mode": "progressive",
        "resourceDir": ".openskills/skill-dispatching-parallel-agents",
        "manifestPath": "AGENTS.md",
        "resourceName": "skill-dispatching-parallel-agents",
        "resourceType": "skill",
        "skillsDir": ".openskills/skill-dispatching-parallel-agents",
        "skillName": "skill-dispatching-parallel-agents",
        "eager": false
      }
    },
    "@obra/skill-root-cause-tracing#agents.md": {
      "version": "3.4.1",
      "resolved": "https://registry.prpm.dev/api/v1/packages/%40obra%2Fskill-root-cause-tracing/3.4.1.tar.gz",
      "integrity": "sha256-0d5e121e1b73f28ab3ed69f37e51ff01064120eb31a340ff4966908f91c8aff7",
      "format": "agents.md",
      "subtype": "skill",
      "sourceFormat": "claude",
      "sourceSubtype": "skill",
      "installedPath": ".openskills/skill-root-cause-tracing/skill-root-cause-tracing",
      "fromCollection": {
        "name_slug": "superpowers",
        "version": "1.0.0"
      },
      "progressiveDisclosure": {
        "mode": "progressive",
        "resourceDir": ".openskills/skill-root-cause-tracing",
        "manifestPath": "AGENTS.md",
        "resourceName": "skill-root-cause-tracing",
        "resourceType": "skill",
        "skillsDir": ".openskills/skill-root-cause-tracing",
        "skillName": "skill-root-cause-tracing",
        "eager": false
      }
    },
    "@obra/skill-defense-in-depth#agents.md": {
      "version": "3.4.1",
      "resolved": "https://registry.prpm.dev/api/v1/packages/%40obra%2Fskill-defense-in-depth/3.4.1.tar.gz",
      "integrity": "sha256-0ebe35e8078c250108045799ed1875ccaab117a7259d878d43e94c49bc30c9cb",
      "format": "agents.md",
      "subtype": "skill",
      "sourceFormat": "claude",
      "sourceSubtype": "skill",
      "installedPath": ".openskills/skill-defense-in-depth/SKILL.md",
      "fromCollection": {
        "name_slug": "superpowers",
        "version": "1.0.0"
      },
      "progressiveDisclosure": {
        "mode": "progressive",
        "resourceDir": ".openskills/skill-defense-in-depth",
        "manifestPath": "AGENTS.md",
        "resourceName": "skill-defense-in-depth",
        "resourceType": "skill",
        "skillsDir": ".openskills/skill-defense-in-depth",
        "skillName": "skill-defense-in-depth",
        "eager": false
      }
    },
    "@obra/skill-condition-based-waiting#agents.md": {
      "version": "3.4.1",
      "resolved": "https://registry.prpm.dev/api/v1/packages/%40obra%2Fskill-condition-based-waiting/3.4.1.tar.gz",
      "integrity": "sha256-12651a43e19f34d2e47c1373011b27f4d40629b8942e052bb59b976ec5cdd80a",
      "format": "agents.md",
      "subtype": "skill",
      "sourceFormat": "claude",
      "sourceSubtype": "skill",
      "installedPath": ".openskills/skill-condition-based-waiting/skill-condition-based-waiting",
      "fromCollection": {
        "name_slug": "superpowers",
        "version": "1.0.0"
      },
      "progressiveDisclosure": {
        "mode": "progressive",
        "resourceDir": ".openskills/skill-condition-based-waiting",
        "manifestPath": "AGENTS.md",
        "resourceName": "skill-condition-based-waiting",
        "resourceType": "skill",
        "skillsDir": ".openskills/skill-condition-based-waiting",
        "skillName": "skill-condition-based-waiting",
        "eager": false
      }
    },
    "@obra/skill-testing-anti-patterns#agents.md": {
      "version": "3.4.1",
      "resolved": "https://registry.prpm.dev/api/v1/packages/%40obra%2Fskill-testing-anti-patterns/3.4.1.tar.gz",
      "integrity": "sha256-3166d17a6b954347ef8d3b3eb52cb0f77a57fb9cd24c5bf2e29dcbbd8991a373",
      "format": "agents.md",
      "subtype": "skill",
      "sourceFormat": "claude",
      "sourceSubtype": "skill",
      "installedPath": ".openskills/skill-testing-anti-patterns/SKILL.md",
      "fromCollection": {
        "name_slug": "superpowers",
        "version": "1.0.0"
      },
      "progressiveDisclosure": {
        "mode": "progressive",
        "resourceDir": ".openskills/skill-testing-anti-patterns",
        "manifestPath": "AGENTS.md",
        "resourceName": "skill-testing-anti-patterns",
        "resourceType": "skill",
        "skillsDir": ".openskills/skill-testing-anti-patterns",
        "skillName": "skill-testing-anti-patterns",
        "eager": false
      }
    },
    "@obra/skill-testing-skills-with-subagents#agents.md": {
      "version": "3.4.1",
      "resolved": "https://registry.prpm.dev/api/v1/packages/%40obra%2Fskill-testing-skills-with-subagents/3.4.1.tar.gz",
      "integrity": "sha256-509089aeb85eea70aa2ef496ada753c42c9456564a5b2befb23b20cb0ca592c5",
      "format": "agents.md",
      "subtype": "skill",
      "sourceFormat": "claude",
      "sourceSubtype": "skill",
      "installedPath": ".openskills/skill-testing-skills-with-subagents/skill-testing-skills-with-subagents",
      "fromCollection": {
        "name_slug": "superpowers",
        "version": "1.0.0"
      },
      "progressiveDisclosure": {
        "mode": "progressive",
        "resourceDir": ".openskills/skill-testing-skills-with-subagents",
        "manifestPath": "AGENTS.md",
        "resourceName": "skill-testing-skills-with-subagents",
        "resourceType": "skill",
        "skillsDir": ".openskills/skill-testing-skills-with-subagents",
        "skillName": "skill-testing-skills-with-subagents",
        "eager": false
      }
    },
    "@obra/skill-writing-skills#agents.md": {
      "version": "3.4.1",
      "resolved": "https://registry.prpm.dev/api/v1/packages/%40obra%2Fskill-writing-skills/3.4.1.tar.gz",
      "integrity": "sha256-a7cf67c385a6dba264045d2aa367f18362563baf2572930da9430ac35689bdbc",
      "format": "agents.md",
      "subtype": "skill",
      "sourceFormat": "claude",
      "sourceSubtype": "skill",
      "installedPath": ".openskills/skill-writing-skills/skill-writing-skills",
      "fromCollection": {
        "name_slug": "superpowers",
        "version": "1.0.0"
      },
      "progressiveDisclosure": {
        "mode": "progressive",
        "resourceDir": ".openskills/skill-writing-skills",
        "manifestPath": "AGENTS.md",
        "resourceName": "skill-writing-skills",
        "resourceType": "skill",
        "skillsDir": ".openskills/skill-writing-skills",
        "skillName": "skill-writing-skills",
        "eager": false
      }
    },
    "@obra/skill-sharing-skills#agents.md": {
      "version": "3.4.1",
      "resolved": "https://registry.prpm.dev/api/v1/packages/%40obra%2Fskill-sharing-skills/3.4.1.tar.gz",
      "integrity": "sha256-62aea5526392323bfa37903a8cde59d813b022ae416ffa13b2b7548c3c24c703",
      "format": "agents.md",
      "subtype": "skill",
      "sourceFormat": "claude",
      "sourceSubtype": "skill",
      "installedPath": ".openskills/skill-sharing-skills/SKILL.md",
      "fromCollection": {
        "name_slug": "superpowers",
        "version": "1.0.0"
      },
      "progressiveDisclosure": {
        "mode": "progressive",
        "resourceDir": ".openskills/skill-sharing-skills",
        "manifestPath": "AGENTS.md",
        "resourceName": "skill-sharing-skills",
        "resourceType": "skill",
        "skillsDir": ".openskills/skill-sharing-skills",
        "skillName": "skill-sharing-skills",
        "eager": false
      }
    },
    "@obra/skill-finishing-a-development-branch#agents.md": {
      "version": "3.4.1",
      "resolved": "https://registry.prpm.dev/api/v1/packages/%40obra%2Fskill-finishing-a-development-branch/3.4.1.tar.gz",
      "integrity": "sha256-7444b1b2d2eeaa56d688fa8a0bf5e76b80fb6036db0825fb95318824e67faeab",
      "format": "agents.md",
      "subtype": "skill",
      "sourceFormat": "claude",
      "sourceSubtype": "skill",
      "installedPath": ".openskills/skill-finishing-a-development-branch/SKILL.md",
      "fromCollection": {
        "name_slug": "superpowers",
        "version": "1.0.0"
      },
      "progressiveDisclosure": {
        "mode": "progressive",
        "resourceDir": ".openskills/skill-finishing-a-development-branch",
        "manifestPath": "AGENTS.md",
        "resourceName": "skill-finishing-a-development-branch",
        "resourceType": "skill",
        "skillsDir": ".openskills/skill-finishing-a-development-branch",
        "skillName": "skill-finishing-a-development-branch",
        "eager": false
      }
    }
  },
  "generated": "2026-02-13T13:45:51.300Z",
  "collections": {
    "superpowers": {
      "name_slug": "superpowers",
      "version": "1.0.0",
      "installedAt": "2026-02-13T13:45:51.300Z",
      "packages": [
        "@obra/skill-using-superpowers",
        "@obra/skill-brainstorming",
        "@obra/skill-writing-plans",
        "@obra/skill-executing-plans",
        "@obra/skill-test-driven-development",
        "@obra/skill-systematic-debugging",
        "@obra/skill-requesting-code-review",
        "@obra/skill-receiving-code-review",
        "@obra/skill-verification-before-completion",
        "@obra/skill-using-git-worktrees",
        "@obra/skill-subagent-driven-development",
        "@obra/skill-dispatching-parallel-agents",
        "@obra/skill-root-cause-tracing",
        "@obra/skill-defense-in-depth",
        "@obra/skill-condition-based-waiting",
        "@obra/skill-testing-anti-patterns",
        "@obra/skill-testing-skills-with-subagents",
        "@obra/skill-writing-skills",
        "@obra/skill-sharing-skills",
        "@obra/skill-finishing-a-development-branch"
      ]
    }
  }
}